{
  "requires": true,
  "lockfileVersion": 1,
  "dependencies": {
    "ngx-masonry": {
      "version": "10.0.5",
      "resolved": "https://registry.npmjs.org/ngx-masonry/-/ngx-masonry-10.0.5.tgz",
      "integrity": "sha512-VESg2Wt2d/J3udrzzmLFM1CguJEI60x+q8hayOXzQp/+g93iseU8/Aio6wuWl/AhysZJr0al9bi1LP71YfYLmg==",
      "requires": {
        "tslib": "^2.0.0"
      }
    },
    "tslib": {
      "version": "2.0.1",
      "resolved": "https://registry.npmjs.org/tslib/-/tslib-2.0.1.tgz",
      "integrity": "sha512-SgIkNheinmEBgx1IUNirK0TUD4X9yjjBRTqqjggWCU3pUEqIk3/Uwl3yRixYKT6WjQuGiwDv4NomL3wqRCj+CQ=="
    }
  }
}
